{
  "name": "login",
  "version": "0.0.1",
  "lockfileVersion": 1,
  "requires": true,
  "dependencies": {
    "blockdevice": {
      "version": "0.5.1",
      "resolved": "https://registry.npmjs.org/blockdevice/-/blockdevice-0.5.1.tgz",
      "integrity": "sha1-WL0v9LJVpvUcH+21ZBnFc2b0T08="
    },
    "etc-passwd": {
      "version": "0.1.1",
      "resolved": "https://registry.npmjs.org/etc-passwd/-/etc-passwd-0.1.1.tgz",
      "integrity": "sha1-ociZDfJuGkMF+CL/YY2KFE2I0Wk=",
      "requires": {
        "lazylines": "1.0.0"
      }
    },
    "lazylines": {
      "version": "1.0.0",
      "resolved": "https://registry.npmjs.org/lazylines/-/lazylines-1.0.0.tgz",
      "integrity": "sha1-Lne9guRZE2VtbjK8XZpt+/F27fs="
    },
    "mootools": {
      "version": "1.5.2",
      "resolved": "https://registry.npmjs.org/mootools/-/mootools-1.5.2.tgz",
      "integrity": "sha1-H93xtOCp5l0g1IO5tLCOHoexFho="
    },
    "q": {
      "version": "1.4.1",
      "resolved": "https://registry.npmjs.org/q/-/q-1.4.1.tgz",
      "integrity": "sha1-VXBbzZPF82c1MMLCy8DCs63cKG4="
    },
    "uid-username": {
      "version": "0.0.2",
      "resolved": "https://registry.npmjs.org/uid-username/-/uid-username-0.0.2.tgz",
      "integrity": "sha1-LcjRqNISXmdVI79X9af/GRVEGdU="
    }
  }
}
